PODS:
  - Alamofire (5.6.1)
  - CommonLibHelperCapstone (0.1.2)
  - Cosmos (23.0.0)
  - Kingfisher (6.3.1)
  - netfox (1.21.0)
  - Nimble (10.0.0)
  - NVActivityIndicatorView (5.1.1):
    - NVActivityIndicatorView/Base (= 5.1.1)
  - NVActivityIndicatorView/Base (5.1.1)
  - Quick (5.0.1)
  - RxCocoa (4.5.0):
    - RxSwift (>= 4.4.2, ~> 4.4)
  - RxSwift (4.5.0)
  - SkeletonView (1.29.2)
  - Swinject (2.8.1)

DEPENDENCIES:
  - Alamofire (~> 5.4)
  - CommonLibHelperCapstone (from `https://github.com/edooktarifa/CommonLibHelperCapstone.git`, tag `0.1.2`)
  - Cosmos (~> 23.0)
  - Kingfisher
  - netfox
  - Nimble
  - NVActivityIndicatorView
  - Quick
  - RxCocoa (~> 4.0)
  - RxSwift (~> 4.0)
  - SkeletonView
  - Swinject

SPEC REPOS:
  trunk:
    - Alamofire
    - Cosmos
    - Kingfisher
    - netfox
    - Nimble
    - NVActivityIndicatorView
    - Quick
    - RxCocoa
    - RxSwift
    - SkeletonView
    - Swinject

EXTERNAL SOURCES:
  CommonLibHelperCapstone:
    :git: https://github.com/edooktarifa/CommonLibHelperCapstone.git
    :tag: 0.1.2

CHECKOUT OPTIONS:
  CommonLibHelperCapstone:
    :git: https://github.com/edooktarifa/CommonLibHelperCapstone.git
    :tag: 0.1.2

SPEC CHECKSUMS:
  Alamofire: 87bd8c952f9a4454320fce00d9cc3de57bcadaf5
  CommonLibHelperCapstone: 5f052e92ddc0d9f50e27117a2cf6793c75b0dcdb
  Cosmos: b5c6a9a637e28a061b54c8f8b1d8529d7d4db73f
  Kingfisher: 016c8b653a35add51dd34a3aba36b580041acc74
  netfox: 9d5cc727fe7576c4c7688a2504618a156b7d44b7
  Nimble: 5316ef81a170ce87baf72dd961f22f89a602ff84
  NVActivityIndicatorView: 1f6c5687f1171810aa27a3296814dc2d7dec3667
  Quick: 749aa754fd1e7d984f2000fe051e18a3a9809179
  RxCocoa: cbf70265dc65a981d4ac982e513c10cf23df24a0
  RxSwift: f172070dfd1a93d70a9ab97a5a01166206e1c575
  SkeletonView: 915a80ecc2b6421ab7ac0f0212321c0cc1406472
  Swinject: 97112918bd7e0785dc2df7036213f3c8cbba6586

PODFILE CHECKSUM: e9111bd793a90579f10674adde7499e7c728f3fa

COCOAPODS: 1.11.2
